<?xml version="1.0" encoding="utf-8"?>
<Project ToolsVersion="4.0" xmlns="http://schemas.microsoft.com/developer/msbuild/2003">
  <ItemGroup>
    <Filter Include="Source Files">
      <UniqueIdentifier>{4FC737F1-C7A5-4376-A066-2A32D752A2FF}</UniqueIdentifier>
      <Extensions>cpp;c;cc;cxx;c++;cppm;ixx;def;odl;idl;hpj;bat;asm;asmx</Extensions>
    </Filter>
    <Filter Include="Header Files">
      <UniqueIdentifier>{93995380-89BD-4b04-88EB-625FBE52EBFB}</UniqueIdentifier>
      <Extensions>h;hh;hpp;hxx;h++;hm;inl;inc;ipp;xsd</Extensions>
    </Filter>
    <Filter Include="Resource Files">
      <UniqueIdentifier>{67DA6AB6-F800-4c08-8B7A-83BB121AAD01}</UniqueIdentifier>
      <Extensions>rc;ico;cur;bmp;dlg;rc2;rct;bin;rgs;gif;jpg;jpeg;jpe;resx;tiff;tif;png;wav;mfcribbon-ms</Extensions>
    </Filter>
    <Filter Include="Header Files\windows">
      <UniqueIdentifier>{97de1f38-5694-4878-9ae4-d968bdfd0b4f}</UniqueIdentifier>
    </Filter>
    <Filter Include="Header Files\common">
      <UniqueIdentifier>{276cbd69-4629-4bc2-a5b2-1300c8fb2069}</UniqueIdentifier>
    </Filter>
    <Filter Include="Header Files\common\tools">
      <UniqueIdentifier>{0c5be00b-c66b-48ca-8108-ea404671ad3d}</UniqueIdentifier>
    </Filter>
    <Filter Include="Header Files\common\logic">
      <UniqueIdentifier>{017ee487-6c60-496d-bae3-cd0e698b65c4}</UniqueIdentifier>
    </Filter>
    <Filter Include="Header Files\common\helpers">
      <UniqueIdentifier>{69d22ec5-d0fa-443e-8657-775c524d49b2}</UniqueIdentifier>
    </Filter>
    <Filter Include="Header Files\common\tools\logger">
      <UniqueIdentifier>{d8979714-ee37-424d-9368-7a29053c175e}</UniqueIdentifier>
    </Filter>
    <Filter Include="Header Files\windows\ipc">
      <UniqueIdentifier>{1514d194-e25d-4bb3-9dbc-19d1694855b5}</UniqueIdentifier>
    </Filter>
    <Filter Include="Header Files\windows\ipc\namedpipe">
      <UniqueIdentifier>{d7f6c276-9c65-416b-b673-663890b59cdf}</UniqueIdentifier>
    </Filter>
  </ItemGroup>
  <ItemGroup>
    <ClCompile Include="main.cpp">
      <Filter>Source Files</Filter>
    </ClCompile>
    <ClCompile Include="Logger.cpp">
      <Filter>Source Files</Filter>
    </ClCompile>
    <ClCompile Include="..\include\cpp-utils\WinRAII.h">
      <Filter>Header Files\windows</Filter>
    </ClCompile>
    <ClCompile Include="..\include\cpp-utils\StateMachine.h">
      <Filter>Header Files\common\logic</Filter>
    </ClCompile>
    <ClCompile Include="..\include\cpp-utils\NamedpipeServer.cpp">
      <Filter>Source Files</Filter>
    </ClCompile>
  </ItemGroup>
  <ItemGroup>
    <ClInclude Include="..\include\cpp-utils\guid.h">
      <Filter>Header Files\windows</Filter>
    </ClInclude>
    <ClInclude Include="..\include\cpp-utils\TypeHelpers.h">
      <Filter>Header Files\common\helpers</Filter>
    </ClInclude>
    <ClInclude Include="..\include\cpp-utils\ImportFunction.h">
      <Filter>Header Files\windows</Filter>
    </ClInclude>
    <ClInclude Include="..\include\cpp-utils\LogChannels.h">
      <Filter>Header Files\common\tools\logger</Filter>
    </ClInclude>
    <ClInclude Include="..\include\cpp-utils\Logger.h">
      <Filter>Header Files\common\tools\logger</Filter>
    </ClInclude>
    <ClInclude Include="..\include\cpp-utils\LoggerImp.h">
      <Filter>Header Files\common\tools\logger</Filter>
    </ClInclude>
    <ClInclude Include="..\include\cpp-utils\LogStream.h">
      <Filter>Header Files\common\tools\logger</Filter>
    </ClInclude>
    <ClInclude Include="..\include\cpp-utils\QueueManager.h">
      <Filter>Header Files\common\logic</Filter>
    </ClInclude>
    <ClInclude Include="..\include\cpp-utils\WindowsDebugLogChannel.h">
      <Filter>Header Files\windows</Filter>
    </ClInclude>
    <ClInclude Include="..\include\cpp-utils\Winutil.h">
      <Filter>Header Files\windows</Filter>
    </ClInclude>
    <ClInclude Include="..\include\cpp-utils\NamedpipeClient.h">
      <Filter>Header Files\windows\ipc\namedpipe</Filter>
    </ClInclude>
    <ClInclude Include="..\include\cpp-utils\NamedpipeServer.h">
      <Filter>Header Files\windows\ipc\namedpipe</Filter>
    </ClInclude>
  </ItemGroup>
</Project>