<?xml version="1.0" encoding="utf-8"?>
<Project ToolsVersion="4.0" xmlns="http://schemas.microsoft.com/developer/msbuild/2003">
  <ItemGroup>
    <Filter Include="Source Files">
      <UniqueIdentifier>{4FC737F1-C7A5-4376-A066-2A32D752A2FF}</UniqueIdentifier>
      <Extensions>cpp;c;cc;cxx;c++;cppm;ixx;def;odl;idl;hpj;bat;asm;asmx</Extensions>
    </Filter>
    <Filter Include="Header Files">
      <UniqueIdentifier>{93995380-89BD-4b04-88EB-625FBE52EBFB}</UniqueIdentifier>
      <Extensions>h;hh;hpp;hxx;h++;hm;inl;inc;ipp;xsd</Extensions>
    </Filter>
    <Filter Include="Resource Files">
      <UniqueIdentifier>{67DA6AB6-F800-4c08-8B7A-83BB121AAD01}</UniqueIdentifier>
      <Extensions>rc;ico;cur;bmp;dlg;rc2;rct;bin;rgs;gif;jpg;jpeg;jpe;resx;tiff;tif;png;wav;mfcribbon-ms</Extensions>
    </Filter>
    <Filter Include="Header Files\windows">
      <UniqueIdentifier>{97de1f38-5694-4878-9ae4-d968bdfd0b4f}</UniqueIdentifier>
    </Filter>
    <Filter Include="Header Files\common">
      <UniqueIdentifier>{276cbd69-4629-4bc2-a5b2-1300c8fb2069}</UniqueIdentifier>
    </Filter>
    <Filter Include="Header Files\common\tools">
      <UniqueIdentifier>{0c5be00b-c66b-48ca-8108-ea404671ad3d}</UniqueIdentifier>
    </Filter>
    <Filter Include="Header Files\common\logic">
      <UniqueIdentifier>{017ee487-6c60-496d-bae3-cd0e698b65c4}</UniqueIdentifier>
    </Filter>
  </ItemGroup>
  <ItemGroup>
    <ClCompile Include="main.cpp">
      <Filter>Source Files</Filter>
    </ClCompile>
    <ClCompile Include="StateMachine.h">
      <Filter>Header Files\common\logic</Filter>
    </ClCompile>
  </ItemGroup>
  <ItemGroup>
    <ClInclude Include="QueueManager.h">
      <Filter>Header Files\common\logic</Filter>
    </ClInclude>
    <ClInclude Include="ImportFunction.h">
      <Filter>Header Files\windows</Filter>
    </ClInclude>
    <ClInclude Include="Winutil.h">
      <Filter>Header Files\windows</Filter>
    </ClInclude>
    <ClInclude Include="guid.h">
      <Filter>Header Files\windows</Filter>
    </ClInclude>
    <ClInclude Include="Logger.h">
      <Filter>Header Files\common\tools</Filter>
    </ClInclude>
  </ItemGroup>
</Project>